
Microsoft Visual Studio Solution File, Format Version 12.00
# Visual Studio Version 16
VisualStudioVersion = 16.0.31105.61
MinimumVisualStudioVersion = 10.0.40219.1
Project("{FAE04EC0-301F-11D3-BF4B-00C04F79EFBC}") = "Marvin.BlazorBFF.Server", "Marvin.BlazorBFF\Server\Marvin.BlazorBFF.Server.csproj", "{456C5522-AC53-44CE-82AE-0E5BB5DE9359}"
EndProject
Project("{FAE04EC0-301F-11D3-BF4B-00C04F79EFBC}") = "Marvin.BlazorBFF.Client", "Marvin.BlazorBFF\Client\Marvin.BlazorBFF.Client.csproj", "{B8CC145A-2C39-407C-BCF9-71686EE94266}"
EndProject
Project("{FAE04EC0-301F-11D3-BF4B-00C04F79EFBC}") = "Marvin.BlazorBFF.Shared", "Marvin.BlazorBFF\Shared\Marvin.BlazorBFF.Shared.csproj", "{EAAAB838-B86D-46DB-99B6-B3B02576EDDE}"
EndProject
Global
	GlobalSection(SolutionConfigurationPlatforms) = preSolution
		Debug|Any CPU = Debug|Any CPU
		Release|Any CPU = Release|Any CPU
	EndGlobalSection
	GlobalSection(ProjectConfigurationPlatforms) = postSolution
		{456C5522-AC53-44CE-82AE-0E5BB5DE9359}.Debug|Any CPU.ActiveCfg = Debug|Any CPU
		{456C5522-AC53-44CE-82AE-0E5BB5DE9359}.Debug|Any CPU.Build.0 = Debug|Any CPU
		{456C5522-AC53-44CE-82AE-0E5BB5DE9359}.Release|Any CPU.ActiveCfg = Release|Any CPU
		{456C5522-AC53-44CE-82AE-0E5BB5DE9359}.Release|Any CPU.Build.0 = Release|Any CPU
		{B8CC145A-2C39-407C-BCF9-71686EE94266}.Debug|Any CPU.ActiveCfg = Debug|Any CPU
		{B8CC145A-2C39-407C-BCF9-71686EE94266}.Debug|Any CPU.Build.0 = Debug|Any CPU
		{B8CC145A-2C39-407C-BCF9-71686EE94266}.Release|Any CPU.ActiveCfg = Release|Any CPU
		{B8CC145A-2C39-407C-BCF9-71686EE94266}.Release|Any CPU.Build.0 = Release|Any CPU
		{EAAAB838-B86D-46DB-99B6-B3B02576EDDE}.Debug|Any CPU.ActiveCfg = Debug|Any CPU
		{EAAAB838-B86D-46DB-99B6-B3B02576EDDE}.Debug|Any CPU.Build.0 = Debug|Any CPU
		{EAAAB838-B86D-46DB-99B6-B3B02576EDDE}.Release|Any CPU.ActiveCfg = Release|Any CPU
		{EAAAB838-B86D-46DB-99B6-B3B02576EDDE}.Release|Any CPU.Build.0 = Release|Any CPU
	EndGlobalSection
	GlobalSection(SolutionProperties) = preSolution
		HideSolutionNode = FALSE
	EndGlobalSection
	GlobalSection(ExtensibilityGlobals) = postSolution
		SolutionGuid = {B779F268-8FDB-4418-8C36-38EDB5E4A83A}
	EndGlobalSection
EndGlobal
